
Microsoft Visual Studio Solution File, Format Version 12.00
# Visual Studio Version 17
VisualStudioVersion = 17.12.35209.166
MinimumVisualStudioVersion = 10.0.40219.1
Project("{FAE04EC0-301F-11D3-BF4B-00C04F79EFBC}") = "charls-dotnet-image-test", "src\charls-dotnet-image-test.csproj", "{6C1F50BA-479A-48E9-B759-50F380B393EB}"
EndProject
Project("{2150E333-8FDC-42A3-9474-1A3956D46DE8}") = "Solution Items", "Solution Items", "{1311796A-EC49-4BEB-A6DE-89B69E333BB3}"
	ProjectSection(SolutionItems) = preProject
		README.md = README.md
	EndProjectSection
EndProject
Global
	GlobalSection(SolutionConfigurationPlatforms) = preSolution
		Debug|Any CPU = Debug|Any CPU
		Release|Any CPU = Release|Any CPU
	EndGlobalSection
	GlobalSection(ProjectConfigurationPlatforms) = postSolution
		{6C1F50BA-479A-48E9-B759-50F380B393EB}.Debug|Any CPU.ActiveCfg = Debug|Any CPU
		{6C1F50BA-479A-48E9-B759-50F380B393EB}.Debug|Any CPU.Build.0 = Debug|Any CPU
		{6C1F50BA-479A-48E9-B759-50F380B393EB}.Release|Any CPU.ActiveCfg = Release|Any CPU
		{6C1F50BA-479A-48E9-B759-50F380B393EB}.Release|Any CPU.Build.0 = Release|Any CPU
	EndGlobalSection
	GlobalSection(SolutionProperties) = preSolution
		HideSolutionNode = FALSE
	EndGlobalSection
	GlobalSection(ExtensibilityGlobals) = postSolution
		SolutionGuid = {27FFE23E-1152-4388-B98B-2CE32EB046D1}
	EndGlobalSection
EndGlobal
