
Microsoft Visual Studio Solution File, Format Version 12.00
# Visual Studio Version 17
VisualStudioVersion = 17.12.35209.166
MinimumVisualStudioVersion = 10.0.40219.1
Project("{FAE04EC0-301F-11D3-BF4B-00C04F79EFBC}") = "charls-dotnet-image-test", "charls-dotnet-image-test.csproj", "{912F9287-F778-4528-98B7-474C0CB08183}"
EndProject
Global
	GlobalSection(SolutionConfigurationPlatforms) = preSolution
		Debug|Any CPU = Debug|Any CPU
		Release|Any CPU = Release|Any CPU
	EndGlobalSection
	GlobalSection(ProjectConfigurationPlatforms) = postSolution
		{912F9287-F778-4528-98B7-474C0CB08183}.Debug|Any CPU.ActiveCfg = Debug|Any CPU
		{912F9287-F778-4528-98B7-474C0CB08183}.Debug|Any CPU.Build.0 = Debug|Any CPU
		{912F9287-F778-4528-98B7-474C0CB08183}.Release|Any CPU.ActiveCfg = Release|Any CPU
		{912F9287-F778-4528-98B7-474C0CB08183}.Release|Any CPU.Build.0 = Release|Any CPU
	EndGlobalSection
	GlobalSection(SolutionProperties) = preSolution
		HideSolutionNode = FALSE
	EndGlobalSection
	GlobalSection(ExtensibilityGlobals) = postSolution
		SolutionGuid = {27FFE23E-1152-4388-B98B-2CE32EB046D1}
	EndGlobalSection
EndGlobal
